
Microsoft Visual Studio Solution File, Format Version 12.00
# Visual Studio Version 17
VisualStudioVersion = 17.7.34024.191
MinimumVisualStudioVersion = 10.0.40219.1
Project("{FAE04EC0-301F-11D3-BF4B-00C04F79EFBC}") = "OS project", "OS project.csproj", "{59B9F2C9-B16A-4459-8EF5-3B6DB7498281}"
EndProject
Global
	GlobalSection(SolutionConfigurationPlatforms) = preSolution
		Debug|Any CPU = Debug|Any CPU
		Release|Any CPU = Release|Any CPU
	EndGlobalSection
	GlobalSection(ProjectConfigurationPlatforms) = postSolution
		{59B9F2C9-B16A-4459-8EF5-3B6DB7498281}.Debug|Any CPU.ActiveCfg = Debug|Any CPU
		{59B9F2C9-B16A-4459-8EF5-3B6DB7498281}.Debug|Any CPU.Build.0 = Debug|Any CPU
		{59B9F2C9-B16A-4459-8EF5-3B6DB7498281}.Release|Any CPU.ActiveCfg = Release|Any CPU
		{59B9F2C9-B16A-4459-8EF5-3B6DB7498281}.Release|Any CPU.Build.0 = Release|Any CPU
	EndGlobalSection
	GlobalSection(SolutionProperties) = preSolution
		HideSolutionNode = FALSE
	EndGlobalSection
	GlobalSection(ExtensibilityGlobals) = postSolution
		SolutionGuid = {E095CC65-DBC6-41A0-B89D-AED16B1E96C5}
	EndGlobalSection
EndGlobal
